// !$*UTF8*$!
{
	archiveVersion = 1;
	classes = {
	};
	objectVersion = 55;
	objects = {

/* Begin PBXBuildFile section */
		A8DBFBE629D7FE4C009D63FE /* FirebaseFirestore in Frameworks */ = {isa = PBXBuildFile; productRef = A8DBFBE529D7FE4C009D63FE /* FirebaseFirestore */; };
		A8DBFBE829D7FE4C009D63FE /* FirebaseFirestoreCombine-Community in Frameworks */ = {isa = PBXBuildFile; productRef = A8DBFBE729D7FE4C009D63FE /* FirebaseFirestoreCombine-Community */; };
		A8DBFBEA29D7FE4C009D63FE /* FirebaseFirestoreSwift in Frameworks */ = {isa = PBXBuildFile; productRef = A8DBFBE929D7FE4C009D63FE /* FirebaseFirestoreSwift */; };
		A8DBFBEC29D7FF72009D63FE /* GoogleService-Info.plist in Resources */ = {isa = PBXBuildFile; fileRef = A8DBFBEB29D7FF72009D63FE /* GoogleService-Info.plist */; };
		A8DBFBEE29D8832F009D63FE /* User.swift in Sources */ = {isa = PBXBuildFile; fileRef = A8DBFBED29D8832F009D63FE /* User.swift */; };
		A8DBFBF029D8996D009D63FE /* Organizer.swift in Sources */ = {isa = PBXBuildFile; fileRef = A8DBFBEF29D8996D009D63FE /* Organizer.swift */; };
		B59595AE29D7C79D006D0E0E /* AppDelegate.swift in Sources */ = {isa = PBXBuildFile; fileRef = B59595AD29D7C79D006D0E0E /* AppDelegate.swift */; };
		B59595B029D7C79D006D0E0E /* SceneDelegate.swift in Sources */ = {isa = PBXBuildFile; fileRef = B59595AF29D7C79D006D0E0E /* SceneDelegate.swift */; };
		B59595B229D7C79D006D0E0E /* ViewController.swift in Sources */ = {isa = PBXBuildFile; fileRef = B59595B129D7C79D006D0E0E /* ViewController.swift */; };
		B59595B529D7C79D006D0E0E /* Main.storyboard in Resources */ = {isa = PBXBuildFile; fileRef = B59595B329D7C79D006D0E0E /* Main.storyboard */; };
		B59595B829D7C79D006D0E0E /* HackPrincetonFinal.xcdatamodeld in Sources */ = {isa = PBXBuildFile; fileRef = B59595B629D7C79D006D0E0E /* HackPrincetonFinal.xcdatamodeld */; };
		B59595BA29D7C79F006D0E0E /* Assets.xcassets in Resources */ = {isa = PBXBuildFile; fileRef = B59595B929D7C79F006D0E0E /* Assets.xcassets */; };
		B59595BD29D7C79F006D0E0E /* LaunchScreen.storyboard in Resources */ = {isa = PBXBuildFile; fileRef = B59595BB29D7C79F006D0E0E /* LaunchScreen.storyboard */; };
/* End PBXBuildFile section */

/* Begin PBXFileReference section */
		A8DBFBEB29D7FF72009D63FE /* GoogleService-Info.plist */ = {isa = PBXFileReference; fileEncoding = 4; lastKnownFileType = text.plist.xml; path = "GoogleService-Info.plist"; sourceTree = "<group>"; };
		A8DBFBED29D8832F009D63FE /* User.swift */ = {isa = PBXFileReference; lastKnownFileType = sourcecode.swift; path = User.swift; sourceTree = "<group>"; };
		A8DBFBEF29D8996D009D63FE /* Organizer.swift */ = {isa = PBXFileReference; lastKnownFileType = sourcecode.swift; path = Organizer.swift; sourceTree = "<group>"; };
		B59595AA29D7C79D006D0E0E /* HackPrincetonFinal.app */ = {isa = PBXFileReference; explicitFileType = wrapper.application; includeInIndex = 0; path = HackPrincetonFinal.app; sourceTree = BUILT_PRODUCTS_DIR; };
		B59595AD29D7C79D006D0E0E /* AppDelegate.swift */ = {isa = PBXFileReference; lastKnownFileType = sourcecode.swift; path = AppDelegate.swift; sourceTree = "<group>"; };
		B59595AF29D7C79D006D0E0E /* SceneDelegate.swift */ = {isa = PBXFileReference; lastKnownFileType = sourcecode.swift; path = SceneDelegate.swift; sourceTree = "<group>"; };
		B59595B129D7C79D006D0E0E /* ViewController.swift */ = {isa = PBXFileReference; lastKnownFileType = sourcecode.swift; path = ViewController.swift; sourceTree = "<group>"; };
		B59595B429D7C79D006D0E0E /* Base */ = {isa = PBXFileReference; lastKnownFileType = file.storyboard; name = Base; path = Base.lproj/Main.storyboard; sourceTree = "<group>"; };
		B59595B729D7C79D006D0E0E /* HackPrincetonFinal.xcdatamodel */ = {isa = PBXFileReference; lastKnownFileType = wrapper.xcdatamodel; path = HackPrincetonFinal.xcdatamodel; sourceTree = "<group>"; };
		B59595B929D7C79F006D0E0E /* Assets.xcassets */ = {isa = PBXFileReference; lastKnownFileType = folder.assetcatalog; path = Assets.xcassets; sourceTree = "<group>"; };
		B59595BC29D7C79F006D0E0E /* Base */ = {isa = PBXFileReference; lastKnownFileType = file.storyboard; name = Base; path = Base.lproj/LaunchScreen.storyboard; sourceTree = "<group>"; };
		B59595BE29D7C79F006D0E0E /* Info.plist */ = {isa = PBXFileReference; lastKnownFileType = text.plist.xml; path = Info.plist; sourceTree = "<group>"; };
/* End PBXFileReference section */

/* Begin PBXFrameworksBuildPhase section */
		B59595A729D7C79D006D0E0E /* Frameworks */ = {
			isa = PBXFrameworksBuildPhase;
			buildActionMask = 2147483647;
			files = (
				A8DBFBE629D7FE4C009D63FE /* FirebaseFirestore in Frameworks */,
				A8DBFBE829D7FE4C009D63FE /* FirebaseFirestoreCombine-Community in Frameworks */,
				A8DBFBEA29D7FE4C009D63FE /* FirebaseFirestoreSwift in Frameworks */,
			);
			runOnlyForDeploymentPostprocessing = 0;
		};
/* End PBXFrameworksBuildPhase section */

/* Begin PBXGroup section */
		B59595A129D7C79D006D0E0E = {
			isa = PBXGroup;
			children = (
				B59595AC29D7C79D006D0E0E /* HackPrincetonFinal */,
				B59595AB29D7C79D006D0E0E /* Products */,
			);
			sourceTree = "<group>";
		};
		B59595AB29D7C79D006D0E0E /* Products */ = {
			isa = PBXGroup;
			children = (
				B59595AA29D7C79D006D0E0E /* HackPrincetonFinal.app */,
			);
			name = Products;
			sourceTree = "<group>";
		};
		B59595AC29D7C79D006D0E0E /* HackPrincetonFinal */ = {
			isa = PBXGroup;
			children = (
				A8DBFBEB29D7FF72009D63FE /* GoogleService-Info.plist */,
				B59595AD29D7C79D006D0E0E /* AppDelegate.swift */,
				B59595AF29D7C79D006D0E0E /* SceneDelegate.swift */,
				A8DBFBED29D8832F009D63FE /* User.swift */,
				B59595B129D7C79D006D0E0E /* ViewController.swift */,
				B59595B329D7C79D006D0E0E /* Main.storyboard */,
				A8DBFBEF29D8996D009D63FE /* Organizer.swift */,
				B59595B929D7C79F006D0E0E /* Assets.xcassets */,
				B59595BB29D7C79F006D0E0E /* LaunchScreen.storyboard */,
				B59595BE29D7C79F006D0E0E /* Info.plist */,
				B59595B629D7C79D006D0E0E /* HackPrincetonFinal.xcdatamodeld */,
			);
			path = HackPrincetonFinal;
			sourceTree = "<group>";
		};
/* End PBXGroup section */

/* Begin PBXNativeTarget section */
		B59595A929D7C79D006D0E0E /* HackPrincetonFinal */ = {
			isa = PBXNativeTarget;
			buildConfigurationList = B59595C129D7C79F006D0E0E /* Build configuration list for PBXNativeTarget "HackPrincetonFinal" */;
			buildPhases = (
				B59595A629D7C79D006D0E0E /* Sources */,
				B59595A729D7C79D006D0E0E /* Frameworks */,
				B59595A829D7C79D006D0E0E /* Resources */,
			);
			buildRules = (
			);
			dependencies = (
			);
			name = HackPrincetonFinal;
			packageProductDependencies = (
				A8DBFBE529D7FE4C009D63FE /* FirebaseFirestore */,
				A8DBFBE729D7FE4C009D63FE /* FirebaseFirestoreCombine-Community */,
				A8DBFBE929D7FE4C009D63FE /* FirebaseFirestoreSwift */,
			);
			productName = HackPrincetonFinal;
			productReference = B59595AA29D7C79D006D0E0E /* HackPrincetonFinal.app */;
			productType = "com.apple.product-type.application";
		};
/* End PBXNativeTarget section */

/* Begin PBXProject section */
		B59595A229D7C79D006D0E0E /* Project object */ = {
			isa = PBXProject;
			attributes = {
				BuildIndependentTargetsInParallel = 1;
				LastSwiftUpdateCheck = 1340;
				LastUpgradeCheck = 1340;
				TargetAttributes = {
					B59595A929D7C79D006D0E0E = {
						CreatedOnToolsVersion = 13.4.1;
					};
				};
			};
			buildConfigurationList = B59595A529D7C79D006D0E0E /* Build configuration list for PBXProject "HackPrincetonFinal" */;
			compatibilityVersion = "Xcode 13.0";
			developmentRegion = en;
			hasScannedForEncodings = 0;
			knownRegions = (
				en,
				Base,
			);
			mainGroup = B59595A129D7C79D006D0E0E;
			packageReferences = (
				A8DBFBE429D7FE4C009D63FE /* XCRemoteSwiftPackageReference "firebase-ios-sdk" */,
			);
			productRefGroup = B59595AB29D7C79D006D0E0E /* Products */;
			projectDirPath = "";
			projectRoot = "";
			targets = (
				B59595A929D7C79D006D0E0E /* HackPrincetonFinal */,
			);
		};
/* End PBXProject section */

/* Begin PBXResourcesBuildPhase section */
		B59595A829D7C79D006D0E0E /* Resources */ = {
			isa = PBXResourcesBuildPhase;
			buildActionMask = 2147483647;
			files = (
				B59595BD29D7C79F006D0E0E /* LaunchScreen.storyboard in Resources */,
				A8DBFBEC29D7FF72009D63FE /* GoogleService-Info.plist in Resources */,
				B59595BA29D7C79F006D0E0E /* Assets.xcassets in Resources */,
				B59595B529D7C79D006D0E0E /* Main.storyboard in Resources */,
			);
			runOnlyForDeploymentPostprocessing = 0;
		};
/* End PBXResourcesBuildPhase section */

/* Begin PBXSourcesBuildPhase section */
		B59595A629D7C79D006D0E0E /* Sources */ = {
			isa = PBXSourcesBuildPhase;
			buildActionMask = 2147483647;
			files = (
				B59595B229D7C79D006D0E0E /* ViewController.swift in Sources */,
				B59595AE29D7C79D006D0E0E /* AppDelegate.swift in Sources */,
				B59595B829D7C79D006D0E0E /* HackPrincetonFinal.xcdatamodeld in Sources */,
				A8DBFBF029D8996D009D63FE /* Organizer.swift in Sources */,
				A8DBFBEE29D8832F009D63FE /* User.swift in Sources */,
				B59595B029D7C79D006D0E0E /* SceneDelegate.swift in Sources */,
			);
			runOnlyForDeploymentPostprocessing = 0;
		};
/* End PBXSourcesBuildPhase section */

/* Begin PBXVariantGroup section */
		B59595B329D7C79D006D0E0E /* Main.storyboard */ = {
			isa = PBXVariantGroup;
			children = (
				B59595B429D7C79D006D0E0E /* Base */,
			);
			name = Main.storyboard;
			sourceTree = "<group>";
		};
		B59595BB29D7C79F006D0E0E /* LaunchScreen.storyboard */ = {
			isa = PBXVariantGroup;
			children = (
				B59595BC29D7C79F006D0E0E /* Base */,
			);
			name = LaunchScreen.storyboard;
			sourceTree = "<group>";
		};
/* End PBXVariantGroup section */

/* Begin XCBuildConfiguration section */
		B59595BF29D7C79F006D0E0E /* Debug */ = {
			isa = XCBuildConfiguration;
			buildSettings = {
				ALWAYS_SEARCH_USER_PATHS = NO;
				CLANG_ANALYZER_NONNULL = YES;
				CLANG_ANALYZER_NUMBER_OBJECT_CONVERSION = YES_AGGRESSIVE;
				CLANG_CXX_LANGUAGE_STANDARD = "gnu++17";
				CLANG_ENABLE_MODULES = YES;
				CLANG_ENABLE_OBJC_ARC = YES;
				CLANG_ENABLE_OBJC_WEAK = YES;
				CLANG_WARN_BLOCK_CAPTURE_AUTORELEASING = YES;
				CLANG_WARN_BOOL_CONVERSION = YES;
				CLANG_WARN_COMMA = YES;
				CLANG_WARN_CONSTANT_CONVERSION = YES;
				CLANG_WARN_DEPRECATED_OBJC_IMPLEMENTATIONS = YES;
				CLANG_WARN_DIRECT_OBJC_ISA_USAGE = YES_ERROR;
				CLANG_WARN_DOCUMENTATION_COMMENTS = YES;
				CLANG_WARN_EMPTY_BODY = YES;
				CLANG_WARN_ENUM_CONVERSION = YES;
				CLANG_WARN_INFINITE_RECURSION = YES;
				CLANG_WARN_INT_CONVERSION = YES;
				CLANG_WARN_NON_LITERAL_NULL_CONVERSION = YES;
				CLANG_WARN_OBJC_IMPLICIT_RETAIN_SELF = YES;
				CLANG_WARN_OBJC_LITERAL_CONVERSION = YES;
				CLANG_WARN_OBJC_ROOT_CLASS = YES_ERROR;
				CLANG_WARN_QUOTED_INCLUDE_IN_FRAMEWORK_HEADER = YES;
				CLANG_WARN_RANGE_LOOP_ANALYSIS = YES;
				CLANG_WARN_STRICT_PROTOTYPES = YES;
				CLANG_WARN_SUSPICIOUS_MOVE = YES;
				CLANG_WARN_UNGUARDED_AVAILABILITY = YES_AGGRESSIVE;
				CLANG_WARN_UNREACHABLE_CODE = YES;
				CLANG_WARN__DUPLICATE_METHOD_MATCH = YES;
				COPY_PHASE_STRIP = NO;
				DEBUG_INFORMATION_FORMAT = dwarf;
				ENABLE_STRICT_OBJC_MSGSEND = YES;
				ENABLE_TESTABILITY = YES;
				GCC_C_LANGUAGE_STANDARD = gnu11;
				GCC_DYNAMIC_NO_PIC = NO;
				GCC_NO_COMMON_BLOCKS = YES;
				GCC_OPTIMIZATION_LEVEL = 0;
				GCC_PREPROCESSOR_DEFINITIONS = (
					"DEBUG=1",
					"$(inherited)",
				);
				GCC_WARN_64_TO_32_BIT_CONVERSION = YES;
				GCC_WARN_ABOUT_RETURN_TYPE = YES_ERROR;
				GCC_WARN_UNDECLARED_SELECTOR = YES;
				GCC_WARN_UNINITIALIZED_AUTOS = YES_AGGRESSIVE;
				GCC_WARN_UNUSED_FUNCTION = YES;
				GCC_WARN_UNUSED_VARIABLE = YES;
				IPHONEOS_DEPLOYMENT_TARGET = 15.5;
				MTL_ENABLE_DEBUG_INFO = INCLUDE_SOURCE;
				MTL_FAST_MATH = YES;
				ONLY_ACTIVE_ARCH = YES;
				SDKROOT = iphoneos;
				SWIFT_ACTIVE_COMPILATION_CONDITIONS = DEBUG;
				SWIFT_OPTIMIZATION_LEVEL = "-Onone";
			};
			name = Debug;
		};
		B59595C029D7C79F006D0E0E /* Release */ = {
			isa = XCBuildConfiguration;
			buildSettings = {
				ALWAYS_SEARCH_USER_PATHS = NO;
				CLANG_ANALYZER_NONNULL = YES;
				CLANG_ANALYZER_NUMBER_OBJECT_CONVERSION = YES_AGGRESSIVE;
				CLANG_CXX_LANGUAGE_STANDARD = "gnu++17";
				CLANG_ENABLE_MODULES = YES;
				CLANG_ENABLE_OBJC_ARC = YES;
				CLANG_ENABLE_OBJC_WEAK = YES;
				CLANG_WARN_BLOCK_CAPTURE_AUTORELEASING = YES;
				CLANG_WARN_BOOL_CONVERSION = YES;
				CLANG_WARN_COMMA = YES;
				CLANG_WARN_CONSTANT_CONVERSION = YES;
				CLANG_WARN_DEPRECATED_OBJC_IMPLEMENTATIONS = YES;
				CLANG_WARN_DIRECT_OBJC_ISA_USAGE = YES_ERROR;
				CLANG_WARN_DOCUMENTATION_COMMENTS = YES;
				CLANG_WARN_EMPTY_BODY = YES;
				CLANG_WARN_ENUM_CONVERSION = YES;
				CLANG_WARN_INFINITE_RECURSION = YES;
				CLANG_WARN_INT_CONVERSION = YES;
				CLANG_WARN_NON_LITERAL_NULL_CONVERSION = YES;
				CLANG_WARN_OBJC_IMPLICIT_RETAIN_SELF = YES;
				CLANG_WARN_OBJC_LITERAL_CONVERSION = YES;
				CLANG_WARN_OBJC_ROOT_CLASS = YES_ERROR;
				CLANG_WARN_QUOTED_INCLUDE_IN_FRAMEWORK_HEADER = YES;
				CLANG_WARN_RANGE_LOOP_ANALYSIS = YES;
				CLANG_WARN_STRICT_PROTOTYPES = YES;
				CLANG_WARN_SUSPICIOUS_MOVE = YES;
				CLANG_WARN_UNGUARDED_AVAILABILITY = YES_AGGRESSIVE;
				CLANG_WARN_UNREACHABLE_CODE = YES;
				CLANG_WARN__DUPLICATE_METHOD_MATCH = YES;
				COPY_PHASE_STRIP = NO;
				DEBUG_INFORMATION_FORMAT = "dwarf-with-dsym";
				ENABLE_NS_ASSERTIONS = NO;
				ENABLE_STRICT_OBJC_MSGSEND = YES;
				GCC_C_LANGUAGE_STANDARD = gnu11;
				GCC_NO_COMMON_BLOCKS = YES;
				GCC_WARN_64_TO_32_BIT_CONVERSION = YES;
				GCC_WARN_ABOUT_RETURN_TYPE = YES_ERROR;
				GCC_WARN_UNDECLARED_SELECTOR = YES;
				GCC_WARN_UNINITIALIZED_AUTOS = YES_AGGRESSIVE;
				GCC_WARN_UNUSED_FUNCTION = YES;
				GCC_WARN_UNUSED_VARIABLE = YES;
				IPHONEOS_DEPLOYMENT_TARGET = 15.5;
				MTL_ENABLE_DEBUG_INFO = NO;
				MTL_FAST_MATH = YES;
				SDKROOT = iphoneos;
				SWIFT_COMPILATION_MODE = wholemodule;
				SWIFT_OPTIMIZATION_LEVEL = "-O";
				VALIDATE_PRODUCT = YES;
			};
			name = Release;
		};
		B59595C229D7C79F006D0E0E /* Debug */ = {
			isa = XCBuildConfiguration;
			buildSettings = {
				ASSETCATALOG_COMPILER_APPICON_NAME = AppIcon;
				ASSETCATALOG_COMPILER_GLOBAL_ACCENT_COLOR_NAME = AccentColor;
				CODE_SIGN_STYLE = Automatic;
				CURRENT_PROJECT_VERSION = 1;
				GENERATE_INFOPLIST_FILE = YES;
				INFOPLIST_FILE = HackPrincetonFinal/Info.plist;
				INFOPLIST_KEY_UIApplicationSupportsIndirectInputEvents = YES;
				INFOPLIST_KEY_UILaunchStoryboardName = LaunchScreen;
				INFOPLIST_KEY_UIMainStoryboardFile = Main;
				INFOPLIST_KEY_UISupportedInterfaceOrientations_iPad = "UIInterfaceOrientationPortrait UIInterfaceOrientationPortraitUpsideDown UIInterfaceOrientationLandscapeLeft UIInterfaceOrientationLandscapeRight";
				INFOPLIST_KEY_UISupportedInterfaceOrientations_iPhone = "UIInterfaceOrientationPortrait UIInterfaceOrientationLandscapeLeft UIInterfaceOrientationLandscapeRight";
				LD_RUNPATH_SEARCH_PATHS = (
					"$(inherited)",
					"@executable_path/Frameworks",
				);
				MARKETING_VERSION = 1.0;
				PRODUCT_BUNDLE_IDENTIFIER = com.example.kwk.HackPrincetonFinal;
				PRODUCT_NAME = "$(TARGET_NAME)";
				SWIFT_EMIT_LOC_STRINGS = YES;
				SWIFT_VERSION = 5.0;
				TARGETED_DEVICE_FAMILY = "1,2";
			};
			name = Debug;
		};
		B59595C329D7C79F006D0E0E /* Release */ = {
			isa = XCBuildConfiguration;
			buildSettings = {
				ASSETCATALOG_COMPILER_APPICON_NAME = AppIcon;
				ASSETCATALOG_COMPILER_GLOBAL_ACCENT_COLOR_NAME = AccentColor;
				CODE_SIGN_STYLE = Automatic;
				CURRENT_PROJECT_VERSION = 1;
				GENERATE_INFOPLIST_FILE = YES;
				INFOPLIST_FILE = HackPrincetonFinal/Info.plist;
				INFOPLIST_KEY_UIApplicationSupportsIndirectInputEvents = YES;
				INFOPLIST_KEY_UILaunchStoryboardName = LaunchScreen;
				INFOPLIST_KEY_UIMainStoryboardFile = Main;
				INFOPLIST_KEY_UISupportedInterfaceOrientations_iPad = "UIInterfaceOrientationPortrait UIInterfaceOrientationPortraitUpsideDown UIInterfaceOrientationLandscapeLeft UIInterfaceOrientationLandscapeRight";
				INFOPLIST_KEY_UISupportedInterfaceOrientations_iPhone = "UIInterfaceOrientationPortrait UIInterfaceOrientationLandscapeLeft UIInterfaceOrientationLandscapeRight";
				LD_RUNPATH_SEARCH_PATHS = (
					"$(inherited)",
					"@executable_path/Frameworks",
				);
				MARKETING_VERSION = 1.0;
				PRODUCT_BUNDLE_IDENTIFIER = com.example.kwk.HackPrincetonFinal;
				PRODUCT_NAME = "$(TARGET_NAME)";
				SWIFT_EMIT_LOC_STRINGS = YES;
				SWIFT_VERSION = 5.0;
				TARGETED_DEVICE_FAMILY = "1,2";
			};
			name = Release;
		};
/* End XCBuildConfiguration section */

/* Begin XCConfigurationList section */
		B59595A529D7C79D006D0E0E /* Build configuration list for PBXProject "HackPrincetonFinal" */ = {
			isa = XCConfigurationList;
			buildConfigurations = (
				B59595BF29D7C79F006D0E0E /* Debug */,
				B59595C029D7C79F006D0E0E /* Release */,
			);
			defaultConfigurationIsVisible = 0;
			defaultConfigurationName = Release;
		};
		B59595C129D7C79F006D0E0E /* Build configuration list for PBXNativeTarget "HackPrincetonFinal" */ = {
			isa = XCConfigurationList;
			buildConfigurations = (
				B59595C229D7C79F006D0E0E /* Debug */,
				B59595C329D7C79F006D0E0E /* Release */,
			);
			defaultConfigurationIsVisible = 0;
			defaultConfigurationName = Release;
		};
/* End XCConfigurationList section */

/* Begin XCRemoteSwiftPackageReference section */
		A8DBFBE429D7FE4C009D63FE /* XCRemoteSwiftPackageReference "firebase-ios-sdk" */ = {
			isa = XCRemoteSwiftPackageReference;
			repositoryURL = "https://github.com/firebase/firebase-ios-sdk";
			requirement = {
				kind = upToNextMajorVersion;
				minimumVersion = 10.0.0;
			};
		};
/* End XCRemoteSwiftPackageReference section */

/* Begin XCSwiftPackageProductDependency section */
		A8DBFBE529D7FE4C009D63FE /* FirebaseFirestore */ = {
			isa = XCSwiftPackageProductDependency;
			package = A8DBFBE429D7FE4C009D63FE /* XCRemoteSwiftPackageReference "firebase-ios-sdk" */;
			productName = FirebaseFirestore;
		};
		A8DBFBE729D7FE4C009D63FE /* FirebaseFirestoreCombine-Community */ = {
			isa = XCSwiftPackageProductDependency;
			package = A8DBFBE429D7FE4C009D63FE /* XCRemoteSwiftPackageReference "firebase-ios-sdk" */;
			productName = "FirebaseFirestoreCombine-Community";
		};
		A8DBFBE929D7FE4C009D63FE /* FirebaseFirestoreSwift */ = {
			isa = XCSwiftPackageProductDependency;
			package = A8DBFBE429D7FE4C009D63FE /* XCRemoteSwiftPackageReference "firebase-ios-sdk" */;
			productName = FirebaseFirestoreSwift;
		};
/* End XCSwiftPackageProductDependency section */

/* Begin XCVersionGroup section */
		B59595B629D7C79D006D0E0E /* HackPrincetonFinal.xcdatamodeld */ = {
			isa = XCVersionGroup;
			children = (
				B59595B729D7C79D006D0E0E /* HackPrincetonFinal.xcdatamodel */,
			);
			currentVersion = B59595B729D7C79D006D0E0E /* HackPrincetonFinal.xcdatamodel */;
			path = HackPrincetonFinal.xcdatamodeld;
			sourceTree = "<group>";
			versionGroupType = wrapper.xcdatamodel;
		};
/* End XCVersionGroup section */
	};
	rootObject = B59595A229D7C79D006D0E0E /* Project object */;
}
